<Solution>
  <Folder Name="/src/">
    <Project Path="src/TATAPP.Core/TATAPP.Core.csproj" />
    <Project Path="src/TATAPP.App/TATAPP.App.csproj" />
    <Project Path="src/TATAPP.Android/TATAPP.Android.csproj" />
  </Folder>
  <Folder Name="/tests/">
    <Project Path="tests/TATAPP.Core.Tests/TATAPP.Core.Tests.csproj" />
    <Project Path="tests/TATAPP.Tests/TATAPP.Tests.csproj" />
  </Folder>
</Solution>
